// !$*UTF8*$!
{
	archiveVersion = 1;
	classes = {
	};
	objectVersion = 46;
	objects = {

/* Begin PBXBuildFile section */
		170977DC1D935EDA006B44AC /* main.m in Sources */ = {isa = PBXBuildFile; fileRef = 170977DB1D935EDA006B44AC /* main.m */; };
		170977DF1D935EDA006B44AC /* AppDelegate.m in Sources */ = {isa = PBXBuildFile; fileRef = 170977DE1D935EDA006B44AC /* AppDelegate.m */; };
		170977E21D935EDA006B44AC /* ViewController.m in Sources */ = {isa = PBXBuildFile; fileRef = 170977E11D935EDA006B44AC /* ViewController.m */; };
		170977E51D935EDA006B44AC /* Main.storyboard in Resources */ = {isa = PBXBuildFile; fileRef = 170977E31D935EDA006B44AC /* Main.storyboard */; };
		170977E71D935EDA006B44AC /* Assets.xcassets in Resources */ = {isa = PBXBuildFile; fileRef = 170977E61D935EDA006B44AC /* Assets.xcassets */; };
		170977EA1D935EDA006B44AC /* LaunchScreen.storyboard in Resources */ = {isa = PBXBuildFile; fileRef = 170977E81D935EDA006B44AC /* LaunchScreen.storyboard */; };
		170977F51D935EDA006B44AC /* hockeyCosomTests.m in Sources */ = {isa = PBXBuildFile; fileRef = 170977F41D935EDA006B44AC /* hockeyCosomTests.m */; };
		170978001D935EDA006B44AC /* hockeyCosomUITests.m in Sources */ = {isa = PBXBuildFile; fileRef = 170977FF1D935EDA006B44AC /* hockeyCosomUITests.m */; };
/* End PBXBuildFile section */

/* Begin PBXContainerItemProxy section */
		170977F11D935EDA006B44AC /* PBXContainerItemProxy */ = {
			isa = PBXContainerItemProxy;
			containerPortal = 170977CF1D935EDA006B44AC /* Project object */;
			proxyType = 1;
			remoteGlobalIDString = 170977D61D935EDA006B44AC;
			remoteInfo = hockeyCosom;
		};
		170977FC1D935EDA006B44AC /* PBXContainerItemProxy */ = {
			isa = PBXContainerItemProxy;
			containerPortal = 170977CF1D935EDA006B44AC /* Project object */;
			proxyType = 1;
			remoteGlobalIDString = 170977D61D935EDA006B44AC;
			remoteInfo = hockeyCosom;
		};
/* End PBXContainerItemProxy section */

/* Begin PBXFileReference section */
		170977D71D935EDA006B44AC /* hockeyCosom.app */ = {isa = PBXFileReference; explicitFileType = wrapper.application; includeInIndex = 0; path = hockeyCosom.app; sourceTree = BUILT_PRODUCTS_DIR; };
		170977DB1D935EDA006B44AC /* main.m */ = {isa = PBXFileReference; lastKnownFileType = sourcecode.c.objc; path = main.m; sourceTree = "<group>"; };
		170977DD1D935EDA006B44AC /* AppDelegate.h */ = {isa = PBXFileReference; lastKnownFileType = sourcecode.c.h; path = AppDelegate.h; sourceTree = "<group>"; };
		170977DE1D935EDA006B44AC /* AppDelegate.m */ = {isa = PBXFileReference; lastKnownFileType = sourcecode.c.objc; path = AppDelegate.m; sourceTree = "<group>"; };
		170977E01D935EDA006B44AC /* ViewController.h */ = {isa = PBXFileReference; lastKnownFileType = sourcecode.c.h; path = ViewController.h; sourceTree = "<group>"; };
		170977E11D935EDA006B44AC /* ViewController.m */ = {isa = PBXFileReference; lastKnownFileType = sourcecode.c.objc; path = ViewController.m; sourceTree = "<group>"; };
		170977E41D935EDA006B44AC /* Base */ = {isa = PBXFileReference; lastKnownFileType = file.storyboard; name = Base; path = Base.lproj/Main.storyboard; sourceTree = "<group>"; };
		170977E61D935EDA006B44AC /* Assets.xcassets */ = {isa = PBXFileReference; lastKnownFileType = folder.assetcatalog; path = Assets.xcassets; sourceTree = "<group>"; };
		170977E91D935EDA006B44AC /* Base */ = {isa = PBXFileReference; lastKnownFileType = file.storyboard; name = Base; path = Base.lproj/LaunchScreen.storyboard; sourceTree = "<group>"; };
		170977EB1D935EDA006B44AC /* Info.plist */ = {isa = PBXFileReference; lastKnownFileType = text.plist.xml; path = Info.plist; sourceTree = "<group>"; };
		170977F01D935EDA006B44AC /* hockeyCosomTests.xctest */ = {isa = PBXFileReference; explicitFileType = wrapper.cfbundle; includeInIndex = 0; path = hockeyCosomTests.xctest; sourceTree = BUILT_PRODUCTS_DIR; };
		170977F41D935EDA006B44AC /* hockeyCosomTests.m */ = {isa = PBXFileReference; lastKnownFileType = sourcecode.c.objc; path = hockeyCosomTests.m; sourceTree = "<group>"; };
		170977F61D935EDA006B44AC /* Info.plist */ = {isa = PBXFileReference; lastKnownFileType = text.plist.xml; path = Info.plist; sourceTree = "<group>"; };
		170977FB1D935EDA006B44AC /* hockeyCosomUITests.xctest */ = {isa = PBXFileReference; explicitFileType = wrapper.cfbundle; includeInIndex = 0; path = hockeyCosomUITests.xctest; sourceTree = BUILT_PRODUCTS_DIR; };
		170977FF1D935EDA006B44AC /* hockeyCosomUITests.m */ = {isa = PBXFileReference; lastKnownFileType = sourcecode.c.objc; path = hockeyCosomUITests.m; sourceTree = "<group>"; };
		170978011D935EDA006B44AC /* Info.plist */ = {isa = PBXFileReference; lastKnownFileType = text.plist.xml; path = Info.plist; sourceTree = "<group>"; };
/* End PBXFileReference section */

/* Begin PBXFrameworksBuildPhase section */
		170977D41D935EDA006B44AC /* Frameworks */ = {
			isa = PBXFrameworksBuildPhase;
			buildActionMask = 2147483647;
			files = (
			);
			runOnlyForDeploymentPostprocessing = 0;
		};
		170977ED1D935EDA006B44AC /* Frameworks */ = {
			isa = PBXFrameworksBuildPhase;
			buildActionMask = 2147483647;
			files = (
			);
			runOnlyForDeploymentPostprocessing = 0;
		};
		170977F81D935EDA006B44AC /* Frameworks */ = {
			isa = PBXFrameworksBuildPhase;
			buildActionMask = 2147483647;
			files = (
			);
			runOnlyForDeploymentPostprocessing = 0;
		};
/* End PBXFrameworksBuildPhase section */

/* Begin PBXGroup section */
		170977CE1D935EDA006B44AC = {
			isa = PBXGroup;
			children = (
				170977D91D935EDA006B44AC /* hockeyCosom */,
				170977F31D935EDA006B44AC /* hockeyCosomTests */,
				170977FE1D935EDA006B44AC /* hockeyCosomUITests */,
				170977D81D935EDA006B44AC /* Products */,
			);
			sourceTree = "<group>";
		};
		170977D81D935EDA006B44AC /* Products */ = {
			isa = PBXGroup;
			children = (
				170977D71D935EDA006B44AC /* hockeyCosom.app */,
				170977F01D935EDA006B44AC /* hockeyCosomTests.xctest */,
				170977FB1D935EDA006B44AC /* hockeyCosomUITests.xctest */,
			);
			name = Products;
			sourceTree = "<group>";
		};
		170977D91D935EDA006B44AC /* hockeyCosom */ = {
			isa = PBXGroup;
			children = (
				170977DD1D935EDA006B44AC /* AppDelegate.h */,
				170977DE1D935EDA006B44AC /* AppDelegate.m */,
				170977E01D935EDA006B44AC /* ViewController.h */,
				170977E11D935EDA006B44AC /* ViewController.m */,
				170977E31D935EDA006B44AC /* Main.storyboard */,
				170977E61D935EDA006B44AC /* Assets.xcassets */,
				170977E81D935EDA006B44AC /* LaunchScreen.storyboard */,
				170977EB1D935EDA006B44AC /* Info.plist */,
				170977DA1D935EDA006B44AC /* Supporting Files */,
			);
			path = hockeyCosom;
			sourceTree = "<group>";
		};
		170977DA1D935EDA006B44AC /* Supporting Files */ = {
			isa = PBXGroup;
			children = (
				170977DB1D935EDA006B44AC /* main.m */,
			);
			name = "Supporting Files";
			sourceTree = "<group>";
		};
		170977F31D935EDA006B44AC /* hockeyCosomTests */ = {
			isa = PBXGroup;
			children = (
				170977F41D935EDA006B44AC /* hockeyCosomTests.m */,
				170977F61D935EDA006B44AC /* Info.plist */,
			);
			path = hockeyCosomTests;
			sourceTree = "<group>";
		};
		170977FE1D935EDA006B44AC /* hockeyCosomUITests */ = {
			isa = PBXGroup;
			children = (
				170977FF1D935EDA006B44AC /* hockeyCosomUITests.m */,
				170978011D935EDA006B44AC /* Info.plist */,
			);
			path = hockeyCosomUITests;
			sourceTree = "<group>";
		};
/* End PBXGroup section */

/* Begin PBXNativeTarget section */
		170977D61D935EDA006B44AC /* hockeyCosom */ = {
			isa = PBXNativeTarget;
			buildConfigurationList = 170978041D935EDA006B44AC /* Build configuration list for PBXNativeTarget "hockeyCosom" */;
			buildPhases = (
				170977D31D935EDA006B44AC /* Sources */,
				170977D41D935EDA006B44AC /* Frameworks */,
				170977D51D935EDA006B44AC /* Resources */,
			);
			buildRules = (
			);
			dependencies = (
			);
			name = hockeyCosom;
			productName = hockeyCosom;
			productReference = 170977D71D935EDA006B44AC /* hockeyCosom.app */;
			productType = "com.apple.product-type.application";
		};
		170977EF1D935EDA006B44AC /* hockeyCosomTests */ = {
			isa = PBXNativeTarget;
			buildConfigurationList = 170978071D935EDA006B44AC /* Build configuration list for PBXNativeTarget "hockeyCosomTests" */;
			buildPhases = (
				170977EC1D935EDA006B44AC /* Sources */,
				170977ED1D935EDA006B44AC /* Frameworks */,
				170977EE1D935EDA006B44AC /* Resources */,
			);
			buildRules = (
			);
			dependencies = (
				170977F21D935EDA006B44AC /* PBXTargetDependency */,
			);
			name = hockeyCosomTests;
			productName = hockeyCosomTests;
			productReference = 170977F01D935EDA006B44AC /* hockeyCosomTests.xctest */;
			productType = "com.apple.product-type.bundle.unit-test";
		};
		170977FA1D935EDA006B44AC /* hockeyCosomUITests */ = {
			isa = PBXNativeTarget;
			buildConfigurationList = 1709780A1D935EDA006B44AC /* Build configuration list for PBXNativeTarget "hockeyCosomUITests" */;
			buildPhases = (
				170977F71D935EDA006B44AC /* Sources */,
				170977F81D935EDA006B44AC /* Frameworks */,
				170977F91D935EDA006B44AC /* Resources */,
			);
			buildRules = (
			);
			dependencies = (
				170977FD1D935EDA006B44AC /* PBXTargetDependency */,
			);
			name = hockeyCosomUITests;
			productName = hockeyCosomUITests;
			productReference = 170977FB1D935EDA006B44AC /* hockeyCosomUITests.xctest */;
			productType = "com.apple.product-type.bundle.ui-testing";
		};
/* End PBXNativeTarget section */

/* Begin PBXProject section */
		170977CF1D935EDA006B44AC /* Project object */ = {
			isa = PBXProject;
			attributes = {
				LastUpgradeCheck = 0730;
				ORGANIZATIONNAME = "Bolduc, Pierre-Luc";
				TargetAttributes = {
					170977D61D935EDA006B44AC = {
						CreatedOnToolsVersion = 7.3.1;
					};
					170977EF1D935EDA006B44AC = {
						CreatedOnToolsVersion = 7.3.1;
						TestTargetID = 170977D61D935EDA006B44AC;
					};
					170977FA1D935EDA006B44AC = {
						CreatedOnToolsVersion = 7.3.1;
						TestTargetID = 170977D61D935EDA006B44AC;
					};
				};
			};
			buildConfigurationList = 170977D21D935EDA006B44AC /* Build configuration list for PBXProject "hockeyCosom" */;
			compatibilityVersion = "Xcode 3.2";
			developmentRegion = English;
			hasScannedForEncodings = 0;
			knownRegions = (
				en,
				Base,
			);
			mainGroup = 170977CE1D935EDA006B44AC;
			productRefGroup = 170977D81D935EDA006B44AC /* Products */;
			projectDirPath = "";
			projectRoot = "";
			targets = (
				170977D61D935EDA006B44AC /* hockeyCosom */,
				170977EF1D935EDA006B44AC /* hockeyCosomTests */,
				170977FA1D935EDA006B44AC /* hockeyCosomUITests */,
			);
		};
/* End PBXProject section */

/* Begin PBXResourcesBuildPhase section */
		170977D51D935EDA006B44AC /* Resources */ = {
			isa = PBXResourcesBuildPhase;
			buildActionMask = 2147483647;
			files = (
				170977EA1D935EDA006B44AC /* LaunchScreen.storyboard in Resources */,
				170977E71D935EDA006B44AC /* Assets.xcassets in Resources */,
				170977E51D935EDA006B44AC /* Main.storyboard in Resources */,
			);
			runOnlyForDeploymentPostprocessing = 0;
		};
		170977EE1D935EDA006B44AC /* Resources */ = {
			isa = PBXResourcesBuildPhase;
			buildActionMask = 2147483647;
			files = (
			);
			runOnlyForDeploymentPostprocessing = 0;
		};
		170977F91D935EDA006B44AC /* Resources */ = {
			isa = PBXResourcesBuildPhase;
			buildActionMask = 2147483647;
			files = (
			);
			runOnlyForDeploymentPostprocessing = 0;
		};
/* End PBXResourcesBuildPhase section */

/* Begin PBXSourcesBuildPhase section */
		170977D31D935EDA006B44AC /* Sources */ = {
			isa = PBXSourcesBuildPhase;
			buildActionMask = 2147483647;
			files = (
				170977E21D935EDA006B44AC /* ViewController.m in Sources */,
				170977DF1D935EDA006B44AC /* AppDelegate.m in Sources */,
				170977DC1D935EDA006B44AC /* main.m in Sources */,
			);
			runOnlyForDeploymentPostprocessing = 0;
		};
		170977EC1D935EDA006B44AC /* Sources */ = {
			isa = PBXSourcesBuildPhase;
			buildActionMask = 2147483647;
			files = (
				170977F51D935EDA006B44AC /* hockeyCosomTests.m in Sources */,
			);
			runOnlyForDeploymentPostprocessing = 0;
		};
		170977F71D935EDA006B44AC /* Sources */ = {
			isa = PBXSourcesBuildPhase;
			buildActionMask = 2147483647;
			files = (
				170978001D935EDA006B44AC /* hockeyCosomUITests.m in Sources */,
			);
			runOnlyForDeploymentPostprocessing = 0;
		};
/* End PBXSourcesBuildPhase section */

/* Begin PBXTargetDependency section */
		170977F21D935EDA006B44AC /* PBXTargetDependency */ = {
			isa = PBXTargetDependency;
			target = 170977D61D935EDA006B44AC /* hockeyCosom */;
			targetProxy = 170977F11D935EDA006B44AC /* PBXContainerItemProxy */;
		};
		170977FD1D935EDA006B44AC /* PBXTargetDependency */ = {
			isa = PBXTargetDependency;
			target = 170977D61D935EDA006B44AC /* hockeyCosom */;
			targetProxy = 170977FC1D935EDA006B44AC /* PBXContainerItemProxy */;
		};
/* End PBXTargetDependency section */

/* Begin PBXVariantGroup section */
		170977E31D935EDA006B44AC /* Main.storyboard */ = {
			isa = PBXVariantGroup;
			children = (
				170977E41D935EDA006B44AC /* Base */,
			);
			name = Main.storyboard;
			sourceTree = "<group>";
		};
		170977E81D935EDA006B44AC /* LaunchScreen.storyboard */ = {
			isa = PBXVariantGroup;
			children = (
				170977E91D935EDA006B44AC /* Base */,
			);
			name = LaunchScreen.storyboard;
			sourceTree = "<group>";
		};
/* End PBXVariantGroup section */

/* Begin XCBuildConfiguration section */
		170978021D935EDA006B44AC /* Debug */ = {
			isa = XCBuildConfiguration;
			buildSettings = {
				ALWAYS_SEARCH_USER_PATHS = NO;
				CLANG_ANALYZER_NONNULL = YES;
				CLANG_CXX_LANGUAGE_STANDARD = "gnu++0x";
				CLANG_CXX_LIBRARY = "libc++";
				CLANG_ENABLE_MODULES = YES;
				CLANG_ENABLE_OBJC_ARC = YES;
				CLANG_WARN_BOOL_CONVERSION = YES;
				CLANG_WARN_CONSTANT_CONVERSION = YES;
				CLANG_WARN_DIRECT_OBJC_ISA_USAGE = YES_ERROR;
				CLANG_WARN_EMPTY_BODY = YES;
				CLANG_WARN_ENUM_CONVERSION = YES;
				CLANG_WARN_INT_CONVERSION = YES;
				CLANG_WARN_OBJC_ROOT_CLASS = YES_ERROR;
				CLANG_WARN_UNREACHABLE_CODE = YES;
				CLANG_WARN__DUPLICATE_METHOD_MATCH = YES;
				"CODE_SIGN_IDENTITY[sdk=iphoneos*]" = "iPhone Developer";
				COPY_PHASE_STRIP = NO;
				DEBUG_INFORMATION_FORMAT = dwarf;
				ENABLE_STRICT_OBJC_MSGSEND = YES;
				ENABLE_TESTABILITY = YES;
				GCC_C_LANGUAGE_STANDARD = gnu99;
				GCC_DYNAMIC_NO_PIC = NO;
				GCC_NO_COMMON_BLOCKS = YES;
				GCC_OPTIMIZATION_LEVEL = 0;
				GCC_PREPROCESSOR_DEFINITIONS = (
					"DEBUG=1",
					"$(inherited)",
				);
				GCC_WARN_64_TO_32_BIT_CONVERSION = YES;
				GCC_WARN_ABOUT_RETURN_TYPE = YES_ERROR;
				GCC_WARN_UNDECLARED_SELECTOR = YES;
				GCC_WARN_UNINITIALIZED_AUTOS = YES_AGGRESSIVE;
				GCC_WARN_UNUSED_FUNCTION = YES;
				GCC_WARN_UNUSED_VARIABLE = YES;
				IPHONEOS_DEPLOYMENT_TARGET = 9.3;
				MTL_ENABLE_DEBUG_INFO = YES;
				ONLY_ACTIVE_ARCH = YES;
				SDKROOT = iphoneos;
				TARGETED_DEVICE_FAMILY = 2;
			};
			name = Debug;
		};
		170978031D935EDA006B44AC /* Release */ = {
			isa = XCBuildConfiguration;
			buildSettings = {
				ALWAYS_SEARCH_USER_PATHS = NO;
				CLANG_ANALYZER_NONNULL = YES;
				CLANG_CXX_LANGUAGE_STANDARD = "gnu++0x";
				CLANG_CXX_LIBRARY = "libc++";
				CLANG_ENABLE_MODULES = YES;
				CLANG_ENABLE_OBJC_ARC = YES;
				CLANG_WARN_BOOL_CONVERSION = YES;
				CLANG_WARN_CONSTANT_CONVERSION = YES;
				CLANG_WARN_DIRECT_OBJC_ISA_USAGE = YES_ERROR;
				CLANG_WARN_EMPTY_BODY = YES;
				CLANG_WARN_ENUM_CONVERSION = YES;
				CLANG_WARN_INT_CONVERSION = YES;
				CLANG_WARN_OBJC_ROOT_CLASS = YES_ERROR;
				CLANG_WARN_UNREACHABLE_CODE = YES;
				CLANG_WARN__DUPLICATE_METHOD_MATCH = YES;
				"CODE_SIGN_IDENTITY[sdk=iphoneos*]" = "iPhone Developer";
				COPY_PHASE_STRIP = NO;
				DEBUG_INFORMATION_FORMAT = "dwarf-with-dsym";
				ENABLE_NS_ASSERTIONS = NO;
				ENABLE_STRICT_OBJC_MSGSEND = YES;
				GCC_C_LANGUAGE_STANDARD = gnu99;
				GCC_NO_COMMON_BLOCKS = YES;
				GCC_WARN_64_TO_32_BIT_CONVERSION = YES;
				GCC_WARN_ABOUT_RETURN_TYPE = YES_ERROR;
				GCC_WARN_UNDECLARED_SELECTOR = YES;
				GCC_WARN_UNINITIALIZED_AUTOS = YES_AGGRESSIVE;
				GCC_WARN_UNUSED_FUNCTION = YES;
				GCC_WARN_UNUSED_VARIABLE = YES;
				IPHONEOS_DEPLOYMENT_TARGET = 9.3;
				MTL_ENABLE_DEBUG_INFO = NO;
				SDKROOT = iphoneos;
				TARGETED_DEVICE_FAMILY = 2;
				VALIDATE_PRODUCT = YES;
			};
			name = Release;
		};
		170978051D935EDA006B44AC /* Debug */ = {
			isa = XCBuildConfiguration;
			buildSettings = {
				ASSETCATALOG_COMPILER_APPICON_NAME = AppIcon;
				INFOPLIST_FILE = hockeyCosom/Info.plist;
				LD_RUNPATH_SEARCH_PATHS = "$(inherited) @executable_path/Frameworks";
				PRODUCT_BUNDLE_IDENTIFIER = ets.hockeyCosom;
				PRODUCT_NAME = "$(TARGET_NAME)";
			};
			name = Debug;
		};
		170978061D935EDA006B44AC /* Release */ = {
			isa = XCBuildConfiguration;
			buildSettings = {
				ASSETCATALOG_COMPILER_APPICON_NAME = AppIcon;
				INFOPLIST_FILE = hockeyCosom/Info.plist;
				LD_RUNPATH_SEARCH_PATHS = "$(inherited) @executable_path/Frameworks";
				PRODUCT_BUNDLE_IDENTIFIER = ets.hockeyCosom;
				PRODUCT_NAME = "$(TARGET_NAME)";
			};
			name = Release;
		};
		170978081D935EDA006B44AC /* Debug */ = {
			isa = XCBuildConfiguration;
			buildSettings = {
				BUNDLE_LOADER = "$(TEST_HOST)";
				INFOPLIST_FILE = hockeyCosomTests/Info.plist;
				LD_RUNPATH_SEARCH_PATHS = "$(inherited) @executable_path/Frameworks @loader_path/Frameworks";
				PRODUCT_BUNDLE_IDENTIFIER = ets.hockeyCosomTests;
				PRODUCT_NAME = "$(TARGET_NAME)";
				TEST_HOST = "$(BUILT_PRODUCTS_DIR)/hockeyCosom.app/hockeyCosom";
			};
			name = Debug;
		};
		170978091D935EDA006B44AC /* Release */ = {
			isa = XCBuildConfiguration;
			buildSettings = {
				BUNDLE_LOADER = "$(TEST_HOST)";
				INFOPLIST_FILE = hockeyCosomTests/Info.plist;
				LD_RUNPATH_SEARCH_PATHS = "$(inherited) @executable_path/Frameworks @loader_path/Frameworks";
				PRODUCT_BUNDLE_IDENTIFIER = ets.hockeyCosomTests;
				PRODUCT_NAME = "$(TARGET_NAME)";
				TEST_HOST = "$(BUILT_PRODUCTS_DIR)/hockeyCosom.app/hockeyCosom";
			};
			name = Release;
		};
		1709780B1D935EDA006B44AC /* Debug */ = {
			isa = XCBuildConfiguration;
			buildSettings = {
				INFOPLIST_FILE = hockeyCosomUITests/Info.plist;
				LD_RUNPATH_SEARCH_PATHS = "$(inherited) @executable_path/Frameworks @loader_path/Frameworks";
				PRODUCT_BUNDLE_IDENTIFIER = ets.hockeyCosomUITests;
				PRODUCT_NAME = "$(TARGET_NAME)";
				TEST_TARGET_NAME = hockeyCosom;
			};
			name = Debug;
		};
		1709780C1D935EDA006B44AC /* Release */ = {
			isa = XCBuildConfiguration;
			buildSettings = {
				INFOPLIST_FILE = hockeyCosomUITests/Info.plist;
				LD_RUNPATH_SEARCH_PATHS = "$(inherited) @executable_path/Frameworks @loader_path/Frameworks";
				PRODUCT_BUNDLE_IDENTIFIER = ets.hockeyCosomUITests;
				PRODUCT_NAME = "$(TARGET_NAME)";
				TEST_TARGET_NAME = hockeyCosom;
			};
			name = Release;
		};
/* End XCBuildConfiguration section */

/* Begin XCConfigurationList section */
		170977D21D935EDA006B44AC /* Build configuration list for PBXProject "hockeyCosom" */ = {
			isa = XCConfigurationList;
			buildConfigurations = (
				170978021D935EDA006B44AC /* Debug */,
				170978031D935EDA006B44AC /* Release */,
			);
			defaultConfigurationIsVisible = 0;
			defaultConfigurationName = Release;
		};
		170978041D935EDA006B44AC /* Build configuration list for PBXNativeTarget "hockeyCosom" */ = {
			isa = XCConfigurationList;
			buildConfigurations = (
				170978051D935EDA006B44AC /* Debug */,
				170978061D935EDA006B44AC /* Release */,
			);
			defaultConfigurationIsVisible = 0;
		};
		170978071D935EDA006B44AC /* Build configuration list for PBXNativeTarget "hockeyCosomTests" */ = {
			isa = XCConfigurationList;
			buildConfigurations = (
				170978081D935EDA006B44AC /* Debug */,
				170978091D935EDA006B44AC /* Release */,
			);
			defaultConfigurationIsVisible = 0;
		};
		1709780A1D935EDA006B44AC /* Build configuration list for PBXNativeTarget "hockeyCosomUITests" */ = {
			isa = XCConfigurationList;
			buildConfigurations = (
				1709780B1D935EDA006B44AC /* Debug */,
				1709780C1D935EDA006B44AC /* Release */,
			);
			defaultConfigurationIsVisible = 0;
		};
/* End XCConfigurationList section */
	};
	rootObject = 170977CF1D935EDA006B44AC /* Project object */;
}
