// !$*UTF8*$!
{
	archiveVersion = 1;
	classes = {
	};
	objectVersion = 46;
	objects = {

/* Begin PBXBuildFile section */
		87A3F9481D94137900E31C76 /* AppDelegate.swift in Sources */ = {isa = PBXBuildFile; fileRef = 87A3F9471D94137900E31C76 /* AppDelegate.swift */; };
		87A3F94A1D94137900E31C76 /* ViewController.swift in Sources */ = {isa = PBXBuildFile; fileRef = 87A3F9491D94137900E31C76 /* ViewController.swift */; };
		87A3F94D1D94137900E31C76 /* Main.storyboard in Resources */ = {isa = PBXBuildFile; fileRef = 87A3F94B1D94137900E31C76 /* Main.storyboard */; };
		87A3F94F1D94137900E31C76 /* Assets.xcassets in Resources */ = {isa = PBXBuildFile; fileRef = 87A3F94E1D94137900E31C76 /* Assets.xcassets */; };
		87A3F9521D94137900E31C76 /* LaunchScreen.storyboard in Resources */ = {isa = PBXBuildFile; fileRef = 87A3F9501D94137900E31C76 /* LaunchScreen.storyboard */; };
		87A3F95D1D94137900E31C76 /* HockeyCosomTests.swift in Sources */ = {isa = PBXBuildFile; fileRef = 87A3F95C1D94137900E31C76 /* HockeyCosomTests.swift */; };
		87A3F9681D94137900E31C76 /* HockeyCosomUITests.swift in Sources */ = {isa = PBXBuildFile; fileRef = 87A3F9671D94137900E31C76 /* HockeyCosomUITests.swift */; };
/* End PBXBuildFile section */

/* Begin PBXContainerItemProxy section */
		87A3F9591D94137900E31C76 /* PBXContainerItemProxy */ = {
			isa = PBXContainerItemProxy;
			containerPortal = 87A3F93C1D94137900E31C76 /* Project object */;
			proxyType = 1;
			remoteGlobalIDString = 87A3F9431D94137900E31C76;
			remoteInfo = HockeyCosom;
		};
		87A3F9641D94137900E31C76 /* PBXContainerItemProxy */ = {
			isa = PBXContainerItemProxy;
			containerPortal = 87A3F93C1D94137900E31C76 /* Project object */;
			proxyType = 1;
			remoteGlobalIDString = 87A3F9431D94137900E31C76;
			remoteInfo = HockeyCosom;
		};
/* End PBXContainerItemProxy section */

/* Begin PBXFileReference section */
		87A3F9441D94137900E31C76 /* HockeyCosom.app */ = {isa = PBXFileReference; explicitFileType = wrapper.application; includeInIndex = 0; path = HockeyCosom.app; sourceTree = BUILT_PRODUCTS_DIR; };
		87A3F9471D94137900E31C76 /* AppDelegate.swift */ = {isa = PBXFileReference; lastKnownFileType = sourcecode.swift; path = AppDelegate.swift; sourceTree = "<group>"; };
		87A3F9491D94137900E31C76 /* ViewController.swift */ = {isa = PBXFileReference; lastKnownFileType = sourcecode.swift; path = ViewController.swift; sourceTree = "<group>"; };
		87A3F94C1D94137900E31C76 /* Base */ = {isa = PBXFileReference; lastKnownFileType = file.storyboard; name = Base; path = Base.lproj/Main.storyboard; sourceTree = "<group>"; };
		87A3F94E1D94137900E31C76 /* Assets.xcassets */ = {isa = PBXFileReference; lastKnownFileType = folder.assetcatalog; path = Assets.xcassets; sourceTree = "<group>"; };
		87A3F9511D94137900E31C76 /* Base */ = {isa = PBXFileReference; lastKnownFileType = file.storyboard; name = Base; path = Base.lproj/LaunchScreen.storyboard; sourceTree = "<group>"; };
		87A3F9531D94137900E31C76 /* Info.plist */ = {isa = PBXFileReference; lastKnownFileType = text.plist.xml; path = Info.plist; sourceTree = "<group>"; };
		87A3F9581D94137900E31C76 /* HockeyCosomTests.xctest */ = {isa = PBXFileReference; explicitFileType = wrapper.cfbundle; includeInIndex = 0; path = HockeyCosomTests.xctest; sourceTree = BUILT_PRODUCTS_DIR; };
		87A3F95C1D94137900E31C76 /* HockeyCosomTests.swift */ = {isa = PBXFileReference; lastKnownFileType = sourcecode.swift; path = HockeyCosomTests.swift; sourceTree = "<group>"; };
		87A3F95E1D94137900E31C76 /* Info.plist */ = {isa = PBXFileReference; lastKnownFileType = text.plist.xml; path = Info.plist; sourceTree = "<group>"; };
		87A3F9631D94137900E31C76 /* HockeyCosomUITests.xctest */ = {isa = PBXFileReference; explicitFileType = wrapper.cfbundle; includeInIndex = 0; path = HockeyCosomUITests.xctest; sourceTree = BUILT_PRODUCTS_DIR; };
		87A3F9671D94137900E31C76 /* HockeyCosomUITests.swift */ = {isa = PBXFileReference; lastKnownFileType = sourcecode.swift; path = HockeyCosomUITests.swift; sourceTree = "<group>"; };
		87A3F9691D94137900E31C76 /* Info.plist */ = {isa = PBXFileReference; lastKnownFileType = text.plist.xml; path = Info.plist; sourceTree = "<group>"; };
/* End PBXFileReference section */

/* Begin PBXFrameworksBuildPhase section */
		87A3F9411D94137900E31C76 /* Frameworks */ = {
			isa = PBXFrameworksBuildPhase;
			buildActionMask = 2147483647;
			files = (
			);
			runOnlyForDeploymentPostprocessing = 0;
		};
		87A3F9551D94137900E31C76 /* Frameworks */ = {
			isa = PBXFrameworksBuildPhase;
			buildActionMask = 2147483647;
			files = (
			);
			runOnlyForDeploymentPostprocessing = 0;
		};
		87A3F9601D94137900E31C76 /* Frameworks */ = {
			isa = PBXFrameworksBuildPhase;
			buildActionMask = 2147483647;
			files = (
			);
			runOnlyForDeploymentPostprocessing = 0;
		};
/* End PBXFrameworksBuildPhase section */

/* Begin PBXGroup section */
		87A3F93B1D94137900E31C76 = {
			isa = PBXGroup;
			children = (
				87A3F9461D94137900E31C76 /* HockeyCosom */,
				87A3F95B1D94137900E31C76 /* HockeyCosomTests */,
				87A3F9661D94137900E31C76 /* HockeyCosomUITests */,
				87A3F9451D94137900E31C76 /* Products */,
			);
			sourceTree = "<group>";
		};
		87A3F9451D94137900E31C76 /* Products */ = {
			isa = PBXGroup;
			children = (
				87A3F9441D94137900E31C76 /* HockeyCosom.app */,
				87A3F9581D94137900E31C76 /* HockeyCosomTests.xctest */,
				87A3F9631D94137900E31C76 /* HockeyCosomUITests.xctest */,
			);
			name = Products;
			sourceTree = "<group>";
		};
		87A3F9461D94137900E31C76 /* HockeyCosom */ = {
			isa = PBXGroup;
			children = (
				87A3F9471D94137900E31C76 /* AppDelegate.swift */,
				87A3F9491D94137900E31C76 /* ViewController.swift */,
				87A3F94B1D94137900E31C76 /* Main.storyboard */,
				87A3F94E1D94137900E31C76 /* Assets.xcassets */,
				87A3F9501D94137900E31C76 /* LaunchScreen.storyboard */,
				87A3F9531D94137900E31C76 /* Info.plist */,
			);
			path = HockeyCosom;
			sourceTree = "<group>";
		};
		87A3F95B1D94137900E31C76 /* HockeyCosomTests */ = {
			isa = PBXGroup;
			children = (
				87A3F95C1D94137900E31C76 /* HockeyCosomTests.swift */,
				87A3F95E1D94137900E31C76 /* Info.plist */,
			);
			path = HockeyCosomTests;
			sourceTree = "<group>";
		};
		87A3F9661D94137900E31C76 /* HockeyCosomUITests */ = {
			isa = PBXGroup;
			children = (
				87A3F9671D94137900E31C76 /* HockeyCosomUITests.swift */,
				87A3F9691D94137900E31C76 /* Info.plist */,
			);
			path = HockeyCosomUITests;
			sourceTree = "<group>";
		};
/* End PBXGroup section */

/* Begin PBXNativeTarget section */
		87A3F9431D94137900E31C76 /* HockeyCosom */ = {
			isa = PBXNativeTarget;
			buildConfigurationList = 87A3F96C1D94137900E31C76 /* Build configuration list for PBXNativeTarget "HockeyCosom" */;
			buildPhases = (
				87A3F9401D94137900E31C76 /* Sources */,
				87A3F9411D94137900E31C76 /* Frameworks */,
				87A3F9421D94137900E31C76 /* Resources */,
			);
			buildRules = (
			);
			dependencies = (
			);
			name = HockeyCosom;
			productName = HockeyCosom;
			productReference = 87A3F9441D94137900E31C76 /* HockeyCosom.app */;
			productType = "com.apple.product-type.application";
		};
		87A3F9571D94137900E31C76 /* HockeyCosomTests */ = {
			isa = PBXNativeTarget;
			buildConfigurationList = 87A3F96F1D94137900E31C76 /* Build configuration list for PBXNativeTarget "HockeyCosomTests" */;
			buildPhases = (
				87A3F9541D94137900E31C76 /* Sources */,
				87A3F9551D94137900E31C76 /* Frameworks */,
				87A3F9561D94137900E31C76 /* Resources */,
			);
			buildRules = (
			);
			dependencies = (
				87A3F95A1D94137900E31C76 /* PBXTargetDependency */,
			);
			name = HockeyCosomTests;
			productName = HockeyCosomTests;
			productReference = 87A3F9581D94137900E31C76 /* HockeyCosomTests.xctest */;
			productType = "com.apple.product-type.bundle.unit-test";
		};
		87A3F9621D94137900E31C76 /* HockeyCosomUITests */ = {
			isa = PBXNativeTarget;
			buildConfigurationList = 87A3F9721D94137900E31C76 /* Build configuration list for PBXNativeTarget "HockeyCosomUITests" */;
			buildPhases = (
				87A3F95F1D94137900E31C76 /* Sources */,
				87A3F9601D94137900E31C76 /* Frameworks */,
				87A3F9611D94137900E31C76 /* Resources */,
			);
			buildRules = (
			);
			dependencies = (
				87A3F9651D94137900E31C76 /* PBXTargetDependency */,
			);
			name = HockeyCosomUITests;
			productName = HockeyCosomUITests;
			productReference = 87A3F9631D94137900E31C76 /* HockeyCosomUITests.xctest */;
			productType = "com.apple.product-type.bundle.ui-testing";
		};
/* End PBXNativeTarget section */

/* Begin PBXProject section */
		87A3F93C1D94137900E31C76 /* Project object */ = {
			isa = PBXProject;
			attributes = {
				LastSwiftUpdateCheck = 0800;
				LastUpgradeCheck = 0800;
				ORGANIZATIONNAME = "Frederic Fecteau";
				TargetAttributes = {
					87A3F9431D94137900E31C76 = {
						CreatedOnToolsVersion = 8.0;
						ProvisioningStyle = Automatic;
					};
					87A3F9571D94137900E31C76 = {
						CreatedOnToolsVersion = 8.0;
						ProvisioningStyle = Automatic;
						TestTargetID = 87A3F9431D94137900E31C76;
					};
					87A3F9621D94137900E31C76 = {
						CreatedOnToolsVersion = 8.0;
						ProvisioningStyle = Automatic;
						TestTargetID = 87A3F9431D94137900E31C76;
					};
				};
			};
			buildConfigurationList = 87A3F93F1D94137900E31C76 /* Build configuration list for PBXProject "HockeyCosom" */;
			compatibilityVersion = "Xcode 3.2";
			developmentRegion = English;
			hasScannedForEncodings = 0;
			knownRegions = (
				en,
				Base,
			);
			mainGroup = 87A3F93B1D94137900E31C76;
			productRefGroup = 87A3F9451D94137900E31C76 /* Products */;
			projectDirPath = "";
			projectRoot = "";
			targets = (
				87A3F9431D94137900E31C76 /* HockeyCosom */,
				87A3F9571D94137900E31C76 /* HockeyCosomTests */,
				87A3F9621D94137900E31C76 /* HockeyCosomUITests */,
			);
		};
/* End PBXProject section */

/* Begin PBXResourcesBuildPhase section */
		87A3F9421D94137900E31C76 /* Resources */ = {
			isa = PBXResourcesBuildPhase;
			buildActionMask = 2147483647;
			files = (
				87A3F9521D94137900E31C76 /* LaunchScreen.storyboard in Resources */,
				87A3F94F1D94137900E31C76 /* Assets.xcassets in Resources */,
				87A3F94D1D94137900E31C76 /* Main.storyboard in Resources */,
			);
			runOnlyForDeploymentPostprocessing = 0;
		};
		87A3F9561D94137900E31C76 /* Resources */ = {
			isa = PBXResourcesBuildPhase;
			buildActionMask = 2147483647;
			files = (
			);
			runOnlyForDeploymentPostprocessing = 0;
		};
		87A3F9611D94137900E31C76 /* Resources */ = {
			isa = PBXResourcesBuildPhase;
			buildActionMask = 2147483647;
			files = (
			);
			runOnlyForDeploymentPostprocessing = 0;
		};
/* End PBXResourcesBuildPhase section */

/* Begin PBXSourcesBuildPhase section */
		87A3F9401D94137900E31C76 /* Sources */ = {
			isa = PBXSourcesBuildPhase;
			buildActionMask = 2147483647;
			files = (
				87A3F94A1D94137900E31C76 /* ViewController.swift in Sources */,
				87A3F9481D94137900E31C76 /* AppDelegate.swift in Sources */,
			);
			runOnlyForDeploymentPostprocessing = 0;
		};
		87A3F9541D94137900E31C76 /* Sources */ = {
			isa = PBXSourcesBuildPhase;
			buildActionMask = 2147483647;
			files = (
				87A3F95D1D94137900E31C76 /* HockeyCosomTests.swift in Sources */,
			);
			runOnlyForDeploymentPostprocessing = 0;
		};
		87A3F95F1D94137900E31C76 /* Sources */ = {
			isa = PBXSourcesBuildPhase;
			buildActionMask = 2147483647;
			files = (
				87A3F9681D94137900E31C76 /* HockeyCosomUITests.swift in Sources */,
			);
			runOnlyForDeploymentPostprocessing = 0;
		};
/* End PBXSourcesBuildPhase section */

/* Begin PBXTargetDependency section */
		87A3F95A1D94137900E31C76 /* PBXTargetDependency */ = {
			isa = PBXTargetDependency;
			target = 87A3F9431D94137900E31C76 /* HockeyCosom */;
			targetProxy = 87A3F9591D94137900E31C76 /* PBXContainerItemProxy */;
		};
		87A3F9651D94137900E31C76 /* PBXTargetDependency */ = {
			isa = PBXTargetDependency;
			target = 87A3F9431D94137900E31C76 /* HockeyCosom */;
			targetProxy = 87A3F9641D94137900E31C76 /* PBXContainerItemProxy */;
		};
/* End PBXTargetDependency section */

/* Begin PBXVariantGroup section */
		87A3F94B1D94137900E31C76 /* Main.storyboard */ = {
			isa = PBXVariantGroup;
			children = (
				87A3F94C1D94137900E31C76 /* Base */,
			);
			name = Main.storyboard;
			sourceTree = "<group>";
		};
		87A3F9501D94137900E31C76 /* LaunchScreen.storyboard */ = {
			isa = PBXVariantGroup;
			children = (
				87A3F9511D94137900E31C76 /* Base */,
			);
			name = LaunchScreen.storyboard;
			sourceTree = "<group>";
		};
/* End PBXVariantGroup section */

/* Begin XCBuildConfiguration section */
		87A3F96A1D94137900E31C76 /* Debug */ = {
			isa = XCBuildConfiguration;
			buildSettings = {
				ALWAYS_SEARCH_USER_PATHS = NO;
				CLANG_ANALYZER_NONNULL = YES;
				CLANG_CXX_LANGUAGE_STANDARD = "gnu++0x";
				CLANG_CXX_LIBRARY = "libc++";
				CLANG_ENABLE_MODULES = YES;
				CLANG_ENABLE_OBJC_ARC = YES;
				CLANG_WARN_BOOL_CONVERSION = YES;
				CLANG_WARN_CONSTANT_CONVERSION = YES;
				CLANG_WARN_DIRECT_OBJC_ISA_USAGE = YES_ERROR;
				CLANG_WARN_DOCUMENTATION_COMMENTS = YES;
				CLANG_WARN_EMPTY_BODY = YES;
				CLANG_WARN_ENUM_CONVERSION = YES;
				CLANG_WARN_INFINITE_RECURSION = YES;
				CLANG_WARN_INT_CONVERSION = YES;
				CLANG_WARN_OBJC_ROOT_CLASS = YES_ERROR;
				CLANG_WARN_SUSPICIOUS_MOVES = YES;
				CLANG_WARN_UNREACHABLE_CODE = YES;
				CLANG_WARN__DUPLICATE_METHOD_MATCH = YES;
				"CODE_SIGN_IDENTITY[sdk=iphoneos*]" = "iPhone Developer";
				COPY_PHASE_STRIP = NO;
				DEBUG_INFORMATION_FORMAT = dwarf;
				ENABLE_STRICT_OBJC_MSGSEND = YES;
				ENABLE_TESTABILITY = YES;
				GCC_C_LANGUAGE_STANDARD = gnu99;
				GCC_DYNAMIC_NO_PIC = NO;
				GCC_NO_COMMON_BLOCKS = YES;
				GCC_OPTIMIZATION_LEVEL = 0;
				GCC_PREPROCESSOR_DEFINITIONS = (
					"DEBUG=1",
					"$(inherited)",
				);
				GCC_WARN_64_TO_32_BIT_CONVERSION = YES;
				GCC_WARN_ABOUT_RETURN_TYPE = YES_ERROR;
				GCC_WARN_UNDECLARED_SELECTOR = YES;
				GCC_WARN_UNINITIALIZED_AUTOS = YES_AGGRESSIVE;
				GCC_WARN_UNUSED_FUNCTION = YES;
				GCC_WARN_UNUSED_VARIABLE = YES;
				IPHONEOS_DEPLOYMENT_TARGET = 10.0;
				MTL_ENABLE_DEBUG_INFO = YES;
				ONLY_ACTIVE_ARCH = YES;
				SDKROOT = iphoneos;
				SWIFT_ACTIVE_COMPILATION_CONDITIONS = DEBUG;
				SWIFT_OPTIMIZATION_LEVEL = "-Onone";
				TARGETED_DEVICE_FAMILY = 2;
			};
			name = Debug;
		};
		87A3F96B1D94137900E31C76 /* Release */ = {
			isa = XCBuildConfiguration;
			buildSettings = {
				ALWAYS_SEARCH_USER_PATHS = NO;
				CLANG_ANALYZER_NONNULL = YES;
				CLANG_CXX_LANGUAGE_STANDARD = "gnu++0x";
				CLANG_CXX_LIBRARY = "libc++";
				CLANG_ENABLE_MODULES = YES;
				CLANG_ENABLE_OBJC_ARC = YES;
				CLANG_WARN_BOOL_CONVERSION = YES;
				CLANG_WARN_CONSTANT_CONVERSION = YES;
				CLANG_WARN_DIRECT_OBJC_ISA_USAGE = YES_ERROR;
				CLANG_WARN_DOCUMENTATION_COMMENTS = YES;
				CLANG_WARN_EMPTY_BODY = YES;
				CLANG_WARN_ENUM_CONVERSION = YES;
				CLANG_WARN_INFINITE_RECURSION = YES;
				CLANG_WARN_INT_CONVERSION = YES;
				CLANG_WARN_OBJC_ROOT_CLASS = YES_ERROR;
				CLANG_WARN_SUSPICIOUS_MOVES = YES;
				CLANG_WARN_UNREACHABLE_CODE = YES;
				CLANG_WARN__DUPLICATE_METHOD_MATCH = YES;
				"CODE_SIGN_IDENTITY[sdk=iphoneos*]" = "iPhone Developer";
				COPY_PHASE_STRIP = NO;
				DEBUG_INFORMATION_FORMAT = "dwarf-with-dsym";
				ENABLE_NS_ASSERTIONS = NO;
				ENABLE_STRICT_OBJC_MSGSEND = YES;
				GCC_C_LANGUAGE_STANDARD = gnu99;
				GCC_NO_COMMON_BLOCKS = YES;
				GCC_WARN_64_TO_32_BIT_CONVERSION = YES;
				GCC_WARN_ABOUT_RETURN_TYPE = YES_ERROR;
				GCC_WARN_UNDECLARED_SELECTOR = YES;
				GCC_WARN_UNINITIALIZED_AUTOS = YES_AGGRESSIVE;
				GCC_WARN_UNUSED_FUNCTION = YES;
				GCC_WARN_UNUSED_VARIABLE = YES;
				IPHONEOS_DEPLOYMENT_TARGET = 10.0;
				MTL_ENABLE_DEBUG_INFO = NO;
				SDKROOT = iphoneos;
				SWIFT_OPTIMIZATION_LEVEL = "-Owholemodule";
				TARGETED_DEVICE_FAMILY = 2;
				VALIDATE_PRODUCT = YES;
			};
			name = Release;
		};
		87A3F96D1D94137900E31C76 /* Debug */ = {
			isa = XCBuildConfiguration;
			buildSettings = {
				ASSETCATALOG_COMPILER_APPICON_NAME = AppIcon;
				INFOPLIST_FILE = HockeyCosom/Info.plist;
				LD_RUNPATH_SEARCH_PATHS = "$(inherited) @executable_path/Frameworks";
				PRODUCT_BUNDLE_IDENTIFIER = fred.HockeyCosom;
				PRODUCT_NAME = "$(TARGET_NAME)";
				SWIFT_VERSION = 3.0;
			};
			name = Debug;
		};
		87A3F96E1D94137900E31C76 /* Release */ = {
			isa = XCBuildConfiguration;
			buildSettings = {
				ASSETCATALOG_COMPILER_APPICON_NAME = AppIcon;
				INFOPLIST_FILE = HockeyCosom/Info.plist;
				LD_RUNPATH_SEARCH_PATHS = "$(inherited) @executable_path/Frameworks";
				PRODUCT_BUNDLE_IDENTIFIER = fred.HockeyCosom;
				PRODUCT_NAME = "$(TARGET_NAME)";
				SWIFT_VERSION = 3.0;
			};
			name = Release;
		};
		87A3F9701D94137900E31C76 /* Debug */ = {
			isa = XCBuildConfiguration;
			buildSettings = {
				ALWAYS_EMBED_SWIFT_STANDARD_LIBRARIES = YES;
				BUNDLE_LOADER = "$(TEST_HOST)";
				INFOPLIST_FILE = HockeyCosomTests/Info.plist;
				LD_RUNPATH_SEARCH_PATHS = "$(inherited) @executable_path/Frameworks @loader_path/Frameworks";
				PRODUCT_BUNDLE_IDENTIFIER = fred.HockeyCosomTests;
				PRODUCT_NAME = "$(TARGET_NAME)";
				SWIFT_VERSION = 3.0;
				TEST_HOST = "$(BUILT_PRODUCTS_DIR)/HockeyCosom.app/HockeyCosom";
			};
			name = Debug;
		};
		87A3F9711D94137900E31C76 /* Release */ = {
			isa = XCBuildConfiguration;
			buildSettings = {
				ALWAYS_EMBED_SWIFT_STANDARD_LIBRARIES = YES;
				BUNDLE_LOADER = "$(TEST_HOST)";
				INFOPLIST_FILE = HockeyCosomTests/Info.plist;
				LD_RUNPATH_SEARCH_PATHS = "$(inherited) @executable_path/Frameworks @loader_path/Frameworks";
				PRODUCT_BUNDLE_IDENTIFIER = fred.HockeyCosomTests;
				PRODUCT_NAME = "$(TARGET_NAME)";
				SWIFT_VERSION = 3.0;
				TEST_HOST = "$(BUILT_PRODUCTS_DIR)/HockeyCosom.app/HockeyCosom";
			};
			name = Release;
		};
		87A3F9731D94137900E31C76 /* Debug */ = {
			isa = XCBuildConfiguration;
			buildSettings = {
				ALWAYS_EMBED_SWIFT_STANDARD_LIBRARIES = YES;
				INFOPLIST_FILE = HockeyCosomUITests/Info.plist;
				LD_RUNPATH_SEARCH_PATHS = "$(inherited) @executable_path/Frameworks @loader_path/Frameworks";
				PRODUCT_BUNDLE_IDENTIFIER = fred.HockeyCosomUITests;
				PRODUCT_NAME = "$(TARGET_NAME)";
				SWIFT_VERSION = 3.0;
				TEST_TARGET_NAME = HockeyCosom;
			};
			name = Debug;
		};
		87A3F9741D94137900E31C76 /* Release */ = {
			isa = XCBuildConfiguration;
			buildSettings = {
				ALWAYS_EMBED_SWIFT_STANDARD_LIBRARIES = YES;
				INFOPLIST_FILE = HockeyCosomUITests/Info.plist;
				LD_RUNPATH_SEARCH_PATHS = "$(inherited) @executable_path/Frameworks @loader_path/Frameworks";
				PRODUCT_BUNDLE_IDENTIFIER = fred.HockeyCosomUITests;
				PRODUCT_NAME = "$(TARGET_NAME)";
				SWIFT_VERSION = 3.0;
				TEST_TARGET_NAME = HockeyCosom;
			};
			name = Release;
		};
/* End XCBuildConfiguration section */

/* Begin XCConfigurationList section */
		87A3F93F1D94137900E31C76 /* Build configuration list for PBXProject "HockeyCosom" */ = {
			isa = XCConfigurationList;
			buildConfigurations = (
				87A3F96A1D94137900E31C76 /* Debug */,
				87A3F96B1D94137900E31C76 /* Release */,
			);
			defaultConfigurationIsVisible = 0;
			defaultConfigurationName = Release;
		};
		87A3F96C1D94137900E31C76 /* Build configuration list for PBXNativeTarget "HockeyCosom" */ = {
			isa = XCConfigurationList;
			buildConfigurations = (
				87A3F96D1D94137900E31C76 /* Debug */,
				87A3F96E1D94137900E31C76 /* Release */,
			);
			defaultConfigurationIsVisible = 0;
		};
		87A3F96F1D94137900E31C76 /* Build configuration list for PBXNativeTarget "HockeyCosomTests" */ = {
			isa = XCConfigurationList;
			buildConfigurations = (
				87A3F9701D94137900E31C76 /* Debug */,
				87A3F9711D94137900E31C76 /* Release */,
			);
			defaultConfigurationIsVisible = 0;
		};
		87A3F9721D94137900E31C76 /* Build configuration list for PBXNativeTarget "HockeyCosomUITests" */ = {
			isa = XCConfigurationList;
			buildConfigurations = (
				87A3F9731D94137900E31C76 /* Debug */,
				87A3F9741D94137900E31C76 /* Release */,
			);
			defaultConfigurationIsVisible = 0;
		};
/* End XCConfigurationList section */
	};
	rootObject = 87A3F93C1D94137900E31C76 /* Project object */;
}
